
Microsoft Visual Studio Solution File, Format Version 12.00
# Visual Studio Version 17
VisualStudioVersion = 17.2.32630.192
MinimumVisualStudioVersion = 10.0.40219.1
Project("{FAE04EC0-301F-11D3-BF4B-00C04F79EFBC}") = "consoleapp13", "consoleapp13\consoleapp13.csproj", "{1F98AE58-369C-43BB-8D71-3832D5C11B59}"
EndProject
Global
	GlobalSection(SolutionConfigurationPlatforms) = preSolution
		Debug|Any CPU = Debug|Any CPU
		Release|Any CPU = Release|Any CPU
	EndGlobalSection
	GlobalSection(ProjectConfigurationPlatforms) = postSolution
		{1F98AE58-369C-43BB-8D71-3832D5C11B59}.Debug|Any CPU.ActiveCfg = Debug|Any CPU
		{1F98AE58-369C-43BB-8D71-3832D5C11B59}.Debug|Any CPU.Build.0 = Debug|Any CPU
		{1F98AE58-369C-43BB-8D71-3832D5C11B59}.Release|Any CPU.ActiveCfg = Release|Any CPU
		{1F98AE58-369C-43BB-8D71-3832D5C11B59}.Release|Any CPU.Build.0 = Release|Any CPU
	EndGlobalSection
	GlobalSection(SolutionProperties) = preSolution
		HideSolutionNode = FALSE
	EndGlobalSection
	GlobalSection(ExtensibilityGlobals) = postSolution
		SolutionGuid = {9264F614-5741-4A16-AC2D-45EB0048CDFE}
	EndGlobalSection
EndGlobal
